
Microsoft Visual Studio Solution File, Format Version 12.00
# Visual Studio Version 16
VisualStudioVersion = 16.0.30204.135
MinimumVisualStudioVersion = 10.0.40219.1
Project("{FAE04EC0-301F-11D3-BF4B-00C04F79EFBC}") = "ScrewScada", "ScrewScada\ScrewScada.csproj", "{727F438D-D5F9-4DCD-A724-537AF621C283}"
EndProject
Project("{FAE04EC0-301F-11D3-BF4B-00C04F79EFBC}") = "Module", "Module\Module.csproj", "{3CD9704F-6D2C-47A5-B21A-AC794BD2D585}"
EndProject
Project("{FAE04EC0-301F-11D3-BF4B-00C04F79EFBC}") = "DAL", "DAL\DAL.csproj", "{BD114DE5-5209-4666-A394-3EBB1C4D1025}"
EndProject
Project("{FAE04EC0-301F-11D3-BF4B-00C04F79EFBC}") = "SettingTest", "SettingTest\SettingTest.csproj", "{395E330F-58E1-49D8-ACF7-53B445345145}"
EndProject
Project("{FAE04EC0-301F-11D3-BF4B-00C04F79EFBC}") = "Entity", "Entity\Entity.csproj", "{24DABE2E-D438-4B4E-84BF-8CC20271E955}"
EndProject
Global
	GlobalSection(SolutionConfigurationPlatforms) = preSolution
		Debug|Any CPU = Debug|Any CPU
		Release|Any CPU = Release|Any CPU
	EndGlobalSection
	GlobalSection(ProjectConfigurationPlatforms) = postSolution
		{727F438D-D5F9-4DCD-A724-537AF621C283}.Debug|Any CPU.ActiveCfg = Debug|Any CPU
		{727F438D-D5F9-4DCD-A724-537AF621C283}.Debug|Any CPU.Build.0 = Debug|Any CPU
		{727F438D-D5F9-4DCD-A724-537AF621C283}.Release|Any CPU.ActiveCfg = Release|Any CPU
		{727F438D-D5F9-4DCD-A724-537AF621C283}.Release|Any CPU.Build.0 = Release|Any CPU
		{3CD9704F-6D2C-47A5-B21A-AC794BD2D585}.Debug|Any CPU.ActiveCfg = Debug|Any CPU
		{3CD9704F-6D2C-47A5-B21A-AC794BD2D585}.Debug|Any CPU.Build.0 = Debug|Any CPU
		{3CD9704F-6D2C-47A5-B21A-AC794BD2D585}.Release|Any CPU.ActiveCfg = Release|Any CPU
		{3CD9704F-6D2C-47A5-B21A-AC794BD2D585}.Release|Any CPU.Build.0 = Release|Any CPU
		{BD114DE5-5209-4666-A394-3EBB1C4D1025}.Debug|Any CPU.ActiveCfg = Debug|Any CPU
		{BD114DE5-5209-4666-A394-3EBB1C4D1025}.Debug|Any CPU.Build.0 = Debug|Any CPU
		{BD114DE5-5209-4666-A394-3EBB1C4D1025}.Release|Any CPU.ActiveCfg = Release|Any CPU
		{BD114DE5-5209-4666-A394-3EBB1C4D1025}.Release|Any CPU.Build.0 = Release|Any CPU
		{395E330F-58E1-49D8-ACF7-53B445345145}.Debug|Any CPU.ActiveCfg = Debug|Any CPU
		{395E330F-58E1-49D8-ACF7-53B445345145}.Debug|Any CPU.Build.0 = Debug|Any CPU
		{395E330F-58E1-49D8-ACF7-53B445345145}.Release|Any CPU.ActiveCfg = Release|Any CPU
		{395E330F-58E1-49D8-ACF7-53B445345145}.Release|Any CPU.Build.0 = Release|Any CPU
		{24DABE2E-D438-4B4E-84BF-8CC20271E955}.Debug|Any CPU.ActiveCfg = Debug|Any CPU
		{24DABE2E-D438-4B4E-84BF-8CC20271E955}.Debug|Any CPU.Build.0 = Debug|Any CPU
		{24DABE2E-D438-4B4E-84BF-8CC20271E955}.Release|Any CPU.ActiveCfg = Release|Any CPU
		{24DABE2E-D438-4B4E-84BF-8CC20271E955}.Release|Any CPU.Build.0 = Release|Any CPU
	EndGlobalSection
	GlobalSection(SolutionProperties) = preSolution
		HideSolutionNode = FALSE
	EndGlobalSection
	GlobalSection(ExtensibilityGlobals) = postSolution
		SolutionGuid = {E915D0F9-83EE-4E32-BA4B-E28BABF33E53}
	EndGlobalSection
EndGlobal
